
Microsoft Visual Studio Solution File, Format Version 12.00
# Visual Studio 15
VisualStudioVersion = 15.0.27703.2018
MinimumVisualStudioVersion = 10.0.40219.1
Project("{FAE04EC0-301F-11D3-BF4B-00C04F79EFBC}") = "RecipesApp", "RecipesApp\RecipesApp.csproj", "{92786391-C0A9-4ECA-A407-BF504A49B244}"
EndProject
Global
	GlobalSection(SolutionConfigurationPlatforms) = preSolution
		Debug|Any CPU = Debug|Any CPU
		Release|Any CPU = Release|Any CPU
	EndGlobalSection
	GlobalSection(ProjectConfigurationPlatforms) = postSolution
		{92786391-C0A9-4ECA-A407-BF504A49B244}.Debug|Any CPU.ActiveCfg = Debug|Any CPU
		{92786391-C0A9-4ECA-A407-BF504A49B244}.Debug|Any CPU.Build.0 = Debug|Any CPU
		{92786391-C0A9-4ECA-A407-BF504A49B244}.Release|Any CPU.ActiveCfg = Release|Any CPU
		{92786391-C0A9-4ECA-A407-BF504A49B244}.Release|Any CPU.Build.0 = Release|Any CPU
	EndGlobalSection
	GlobalSection(SolutionProperties) = preSolution
		HideSolutionNode = FALSE
	EndGlobalSection
	GlobalSection(ExtensibilityGlobals) = postSolution
		SolutionGuid = {EF8CF141-0B5E-46E0-8F27-F56AE72F3EA2}
	EndGlobalSection
EndGlobal
